
Microsoft Visual Studio Solution File, Format Version 12.00
# Visual Studio Version 17
VisualStudioVersion = 17.0.31903.59
MinimumVisualStudioVersion = 10.0.40219.1
Project("{FAE04EC0-301F-11D3-BF4B-00C04F79EFBC}") = "Gameplay.Shared", "shared\gameplay\Gameplay.Shared.csproj", "{BCE0E3C8-196A-4936-81B1-78507EC018F6}"
EndProject
Project("{FAE04EC0-301F-11D3-BF4B-00C04F79EFBC}") = "Gameplay.Shared.Tests", "shared\gameplay\Tests\Gameplay.Shared.Tests.csproj", "{863393BB-FD88-467D-BFAE-7B1EDBD0DC96}"
EndProject
Project("{FAE04EC0-301F-11D3-BF4B-00C04F79EFBC}") = "Realtime.Shared", "shared\realtime\Realtime.Shared.csproj", "{C0CA08A5-0E67-4E95-8A81-37BA13490001}"
EndProject
Project("{FAE04EC0-301F-11D3-BF4B-00C04F79EFBC}") = "Realtime.Shared.Tests", "shared\realtime\Tests\Realtime.Shared.Tests.csproj", "{C0CA08A5-0E67-4E95-8A81-37BA13490002}"
EndProject
Project("{FAE04EC0-301F-11D3-BF4B-00C04F79EFBC}") = "ArchitectureCheck", "tools\ArchitectureCheck\ArchitectureCheck.csproj", "{D2D47E2D-4930-40A1-9DC1-7BFF34880590}"
EndProject
Project("{FAE04EC0-301F-11D3-BF4B-00C04F79EFBC}") = "ArchitectureCheck.Tests", "tools\ArchitectureCheck.Tests\ArchitectureCheck.Tests.csproj", "{4434238E-82D5-4B3C-A7D7-C8051990093B}"
EndProject
Project("{FAE04EC0-301F-11D3-BF4B-00C04F79EFBC}") = "ProtocolCodegen", "tools\ProtocolCodegen\ProtocolCodegen.csproj", "{C0CA08A5-0E67-4E95-8A81-37BA13490003}"
EndProject
Project("{FAE04EC0-301F-11D3-BF4B-00C04F79EFBC}") = "Protocol.Shared", "shared\protocol\Protocol.Shared.csproj", "{C0CA08A5-0E67-4E95-8A81-37BA13490004}"
EndProject
Project("{FAE04EC0-301F-11D3-BF4B-00C04F79EFBC}") = "Protocol.Shared.Tests", "shared\protocol\Tests\Protocol.Shared.Tests.csproj", "{C0CA08A5-0E67-4E95-8A81-37BA13490005}"
EndProject
Project("{2150E333-8FDC-42A3-9474-1A3956D46DE8}") = "server", "server", "{DAD03CFC-D5FA-AC94-41C7-9ABAB326F09E}"
EndProject
Project("{2150E333-8FDC-42A3-9474-1A3956D46DE8}") = "src", "src", "{2132E9AA-A8A6-6DB3-1CCB-FE240A8CB002}"
EndProject
Project("{2150E333-8FDC-42A3-9474-1A3956D46DE8}") = "Modules", "Modules", "{5113C534-D974-A1D1-3C78-8FACB46FFA8B}"
EndProject
Project("{FAE04EC0-301F-11D3-BF4B-00C04F79EFBC}") = "AiNative.Server.Fantasy", "server\src\Modules\AiNative.Server.Fantasy\AiNative.Server.Fantasy.csproj", "{A5E43222-04C9-465E-A8DF-BB8EB60F5135}"
EndProject
Project("{2150E333-8FDC-42A3-9474-1A3956D46DE8}") = "shared", "shared", "{4F52FD11-658E-A102-6CD3-7D7C16FFA15B}"
EndProject
Project("{2150E333-8FDC-42A3-9474-1A3956D46DE8}") = "realtime", "realtime", "{3B7C48EB-56BB-6F82-B4CF-9D59BFB105A2}"
EndProject
Project("{FAE04EC0-301F-11D3-BF4B-00C04F79EFBC}") = "AiNative.Server.Protocol", "server\src\Modules\AiNative.Server.Protocol\AiNative.Server.Protocol.csproj", "{7188A566-67D2-44C3-8D56-530975045A3E}"
EndProject
Project("{2150E333-8FDC-42A3-9474-1A3956D46DE8}") = "protocol", "protocol", "{6704868C-8A01-796B-C9BD-B993A81C15D7}"
EndProject
Project("{2150E333-8FDC-42A3-9474-1A3956D46DE8}") = "Hosts", "Hosts", "{C7B91D09-7E3B-140B-D9A2-85108AC4DE48}"
EndProject
Project("{FAE04EC0-301F-11D3-BF4B-00C04F79EFBC}") = "AiNative.BattleHost", "server\src\Hosts\AiNative.BattleHost\AiNative.BattleHost.csproj", "{D47DB7BC-1BD8-4A6A-9F3B-735427A0270A}"
EndProject
Project("{2150E333-8FDC-42A3-9474-1A3956D46DE8}") = "gameplay", "gameplay", "{0F43396E-CC0C-6791-46FA-2E66D6B68787}"
EndProject
Project("{2150E333-8FDC-42A3-9474-1A3956D46DE8}") = "acceptance", "acceptance", "{F886F012-7DAE-730D-AFFF-6CA0BF8946CF}"
EndProject
Project("{FAE04EC0-301F-11D3-BF4B-00C04F79EFBC}") = "AiNative.RuntimeAcceptance", "server\acceptance\AiNative.RuntimeAcceptance\AiNative.RuntimeAcceptance.csproj", "{E2387BBB-F221-4CD4-B6DA-DE928323A0DF}"
EndProject
Project("{2150E333-8FDC-42A3-9474-1A3956D46DE8}") = "tests", "tests", "{F6418E52-5FE5-8182-075E-77FED2B86FC9}"
EndProject
Project("{FAE04EC0-301F-11D3-BF4B-00C04F79EFBC}") = "AiNative.Server.Fantasy.Tests", "server\tests\AiNative.Server.Fantasy.Tests\AiNative.Server.Fantasy.Tests.csproj", "{40328631-4E64-41F6-8625-58F5BBAECA73}"
EndProject
Project("{FAE04EC0-301F-11D3-BF4B-00C04F79EFBC}") = "AiNative.Server.Protocol.Tests", "server\tests\AiNative.Server.Protocol.Tests\AiNative.Server.Protocol.Tests.csproj", "{18E2E6B0-861C-4F69-A122-E112591878AE}"
EndProject
Project("{FAE04EC0-301F-11D3-BF4B-00C04F79EFBC}") = "AiNative.BattleHost.Tests", "server\tests\AiNative.BattleHost.Tests\AiNative.BattleHost.Tests.csproj", "{F6DBF22E-5A49-4C7B-8074-898438CC6946}"
EndProject
Global
	GlobalSection(SolutionConfigurationPlatforms) = preSolution
		Debug|Any CPU = Debug|Any CPU
		Debug|x64 = Debug|x64
		Debug|x86 = Debug|x86
		Release|Any CPU = Release|Any CPU
		Release|x64 = Release|x64
		Release|x86 = Release|x86
	EndGlobalSection
	GlobalSection(ProjectConfigurationPlatforms) = postSolution
		{BCE0E3C8-196A-4936-81B1-78507EC018F6}.Debug|Any CPU.ActiveCfg = Debug|Any CPU
		{BCE0E3C8-196A-4936-81B1-78507EC018F6}.Debug|Any CPU.Build.0 = Debug|Any CPU
		{BCE0E3C8-196A-4936-81B1-78507EC018F6}.Debug|x64.ActiveCfg = Debug|Any CPU
		{BCE0E3C8-196A-4936-81B1-78507EC018F6}.Debug|x64.Build.0 = Debug|Any CPU
		{BCE0E3C8-196A-4936-81B1-78507EC018F6}.Debug|x86.ActiveCfg = Debug|Any CPU
		{BCE0E3C8-196A-4936-81B1-78507EC018F6}.Debug|x86.Build.0 = Debug|Any CPU
		{BCE0E3C8-196A-4936-81B1-78507EC018F6}.Release|Any CPU.ActiveCfg = Release|Any CPU
		{BCE0E3C8-196A-4936-81B1-78507EC018F6}.Release|Any CPU.Build.0 = Release|Any CPU
		{BCE0E3C8-196A-4936-81B1-78507EC018F6}.Release|x64.ActiveCfg = Release|Any CPU
		{BCE0E3C8-196A-4936-81B1-78507EC018F6}.Release|x64.Build.0 = Release|Any CPU
		{BCE0E3C8-196A-4936-81B1-78507EC018F6}.Release|x86.ActiveCfg = Release|Any CPU
		{BCE0E3C8-196A-4936-81B1-78507EC018F6}.Release|x86.Build.0 = Release|Any CPU
		{863393BB-FD88-467D-BFAE-7B1EDBD0DC96}.Debug|Any CPU.ActiveCfg = Debug|Any CPU
		{863393BB-FD88-467D-BFAE-7B1EDBD0DC96}.Debug|Any CPU.Build.0 = Debug|Any CPU
		{863393BB-FD88-467D-BFAE-7B1EDBD0DC96}.Debug|x64.ActiveCfg = Debug|Any CPU
		{863393BB-FD88-467D-BFAE-7B1EDBD0DC96}.Debug|x64.Build.0 = Debug|Any CPU
		{863393BB-FD88-467D-BFAE-7B1EDBD0DC96}.Debug|x86.ActiveCfg = Debug|Any CPU
		{863393BB-FD88-467D-BFAE-7B1EDBD0DC96}.Debug|x86.Build.0 = Debug|Any CPU
		{863393BB-FD88-467D-BFAE-7B1EDBD0DC96}.Release|Any CPU.ActiveCfg = Release|Any CPU
		{863393BB-FD88-467D-BFAE-7B1EDBD0DC96}.Release|Any CPU.Build.0 = Release|Any CPU
		{863393BB-FD88-467D-BFAE-7B1EDBD0DC96}.Release|x64.ActiveCfg = Release|Any CPU
		{863393BB-FD88-467D-BFAE-7B1EDBD0DC96}.Release|x64.Build.0 = Release|Any CPU
		{863393BB-FD88-467D-BFAE-7B1EDBD0DC96}.Release|x86.ActiveCfg = Release|Any CPU
		{863393BB-FD88-467D-BFAE-7B1EDBD0DC96}.Release|x86.Build.0 = Release|Any CPU
		{C0CA08A5-0E67-4E95-8A81-37BA13490001}.Debug|Any CPU.ActiveCfg = Debug|Any CPU
		{C0CA08A5-0E67-4E95-8A81-37BA13490001}.Debug|Any CPU.Build.0 = Debug|Any CPU
		{C0CA08A5-0E67-4E95-8A81-37BA13490001}.Debug|x64.ActiveCfg = Debug|Any CPU
		{C0CA08A5-0E67-4E95-8A81-37BA13490001}.Debug|x64.Build.0 = Debug|Any CPU
		{C0CA08A5-0E67-4E95-8A81-37BA13490001}.Debug|x86.ActiveCfg = Debug|Any CPU
		{C0CA08A5-0E67-4E95-8A81-37BA13490001}.Debug|x86.Build.0 = Debug|Any CPU
		{C0CA08A5-0E67-4E95-8A81-37BA13490001}.Release|Any CPU.ActiveCfg = Release|Any CPU
		{C0CA08A5-0E67-4E95-8A81-37BA13490001}.Release|Any CPU.Build.0 = Release|Any CPU
		{C0CA08A5-0E67-4E95-8A81-37BA13490001}.Release|x64.ActiveCfg = Release|Any CPU
		{C0CA08A5-0E67-4E95-8A81-37BA13490001}.Release|x64.Build.0 = Release|Any CPU
		{C0CA08A5-0E67-4E95-8A81-37BA13490001}.Release|x86.ActiveCfg = Release|Any CPU
		{C0CA08A5-0E67-4E95-8A81-37BA13490001}.Release|x86.Build.0 = Release|Any CPU
		{C0CA08A5-0E67-4E95-8A81-37BA13490002}.Debug|Any CPU.ActiveCfg = Debug|Any CPU
		{C0CA08A5-0E67-4E95-8A81-37BA13490002}.Debug|Any CPU.Build.0 = Debug|Any CPU
		{C0CA08A5-0E67-4E95-8A81-37BA13490002}.Debug|x64.ActiveCfg = Debug|Any CPU
		{C0CA08A5-0E67-4E95-8A81-37BA13490002}.Debug|x64.Build.0 = Debug|Any CPU
		{C0CA08A5-0E67-4E95-8A81-37BA13490002}.Debug|x86.ActiveCfg = Debug|Any CPU
		{C0CA08A5-0E67-4E95-8A81-37BA13490002}.Debug|x86.Build.0 = Debug|Any CPU
		{C0CA08A5-0E67-4E95-8A81-37BA13490002}.Release|Any CPU.ActiveCfg = Release|Any CPU
		{C0CA08A5-0E67-4E95-8A81-37BA13490002}.Release|Any CPU.Build.0 = Release|Any CPU
		{C0CA08A5-0E67-4E95-8A81-37BA13490002}.Release|x64.ActiveCfg = Release|Any CPU
		{C0CA08A5-0E67-4E95-8A81-37BA13490002}.Release|x64.Build.0 = Release|Any CPU
		{C0CA08A5-0E67-4E95-8A81-37BA13490002}.Release|x86.ActiveCfg = Release|Any CPU
		{C0CA08A5-0E67-4E95-8A81-37BA13490002}.Release|x86.Build.0 = Release|Any CPU
		{D2D47E2D-4930-40A1-9DC1-7BFF34880590}.Debug|Any CPU.ActiveCfg = Debug|Any CPU
		{D2D47E2D-4930-40A1-9DC1-7BFF34880590}.Debug|Any CPU.Build.0 = Debug|Any CPU
		{D2D47E2D-4930-40A1-9DC1-7BFF34880590}.Debug|x64.ActiveCfg = Debug|Any CPU
		{D2D47E2D-4930-40A1-9DC1-7BFF34880590}.Debug|x64.Build.0 = Debug|Any CPU
		{D2D47E2D-4930-40A1-9DC1-7BFF34880590}.Debug|x86.ActiveCfg = Debug|Any CPU
		{D2D47E2D-4930-40A1-9DC1-7BFF34880590}.Debug|x86.Build.0 = Debug|Any CPU
		{D2D47E2D-4930-40A1-9DC1-7BFF34880590}.Release|Any CPU.ActiveCfg = Release|Any CPU
		{D2D47E2D-4930-40A1-9DC1-7BFF34880590}.Release|Any CPU.Build.0 = Release|Any CPU
		{D2D47E2D-4930-40A1-9DC1-7BFF34880590}.Release|x64.ActiveCfg = Release|Any CPU
		{D2D47E2D-4930-40A1-9DC1-7BFF34880590}.Release|x64.Build.0 = Release|Any CPU
		{D2D47E2D-4930-40A1-9DC1-7BFF34880590}.Release|x86.ActiveCfg = Release|Any CPU
		{D2D47E2D-4930-40A1-9DC1-7BFF34880590}.Release|x86.Build.0 = Release|Any CPU
		{4434238E-82D5-4B3C-A7D7-C8051990093B}.Debug|Any CPU.ActiveCfg = Debug|Any CPU
		{4434238E-82D5-4B3C-A7D7-C8051990093B}.Debug|Any CPU.Build.0 = Debug|Any CPU
		{4434238E-82D5-4B3C-A7D7-C8051990093B}.Debug|x64.ActiveCfg = Debug|Any CPU
		{4434238E-82D5-4B3C-A7D7-C8051990093B}.Debug|x64.Build.0 = Debug|Any CPU
		{4434238E-82D5-4B3C-A7D7-C8051990093B}.Debug|x86.ActiveCfg = Debug|Any CPU
		{4434238E-82D5-4B3C-A7D7-C8051990093B}.Debug|x86.Build.0 = Debug|Any CPU
		{4434238E-82D5-4B3C-A7D7-C8051990093B}.Release|Any CPU.ActiveCfg = Release|Any CPU
		{4434238E-82D5-4B3C-A7D7-C8051990093B}.Release|Any CPU.Build.0 = Release|Any CPU
		{4434238E-82D5-4B3C-A7D7-C8051990093B}.Release|x64.ActiveCfg = Release|Any CPU
		{4434238E-82D5-4B3C-A7D7-C8051990093B}.Release|x64.Build.0 = Release|Any CPU
		{4434238E-82D5-4B3C-A7D7-C8051990093B}.Release|x86.ActiveCfg = Release|Any CPU
		{4434238E-82D5-4B3C-A7D7-C8051990093B}.Release|x86.Build.0 = Release|Any CPU
		{C0CA08A5-0E67-4E95-8A81-37BA13490003}.Debug|Any CPU.ActiveCfg = Debug|Any CPU
		{C0CA08A5-0E67-4E95-8A81-37BA13490003}.Debug|Any CPU.Build.0 = Debug|Any CPU
		{C0CA08A5-0E67-4E95-8A81-37BA13490003}.Debug|x64.ActiveCfg = Debug|Any CPU
		{C0CA08A5-0E67-4E95-8A81-37BA13490003}.Debug|x64.Build.0 = Debug|Any CPU
		{C0CA08A5-0E67-4E95-8A81-37BA13490003}.Debug|x86.ActiveCfg = Debug|Any CPU
		{C0CA08A5-0E67-4E95-8A81-37BA13490003}.Debug|x86.Build.0 = Debug|Any CPU
		{C0CA08A5-0E67-4E95-8A81-37BA13490003}.Release|Any CPU.ActiveCfg = Release|Any CPU
		{C0CA08A5-0E67-4E95-8A81-37BA13490003}.Release|Any CPU.Build.0 = Release|Any CPU
		{C0CA08A5-0E67-4E95-8A81-37BA13490003}.Release|x64.ActiveCfg = Release|Any CPU
		{C0CA08A5-0E67-4E95-8A81-37BA13490003}.Release|x64.Build.0 = Release|Any CPU
		{C0CA08A5-0E67-4E95-8A81-37BA13490003}.Release|x86.ActiveCfg = Release|Any CPU
		{C0CA08A5-0E67-4E95-8A81-37BA13490003}.Release|x86.Build.0 = Release|Any CPU
		{C0CA08A5-0E67-4E95-8A81-37BA13490004}.Debug|Any CPU.ActiveCfg = Debug|Any CPU
		{C0CA08A5-0E67-4E95-8A81-37BA13490004}.Debug|Any CPU.Build.0 = Debug|Any CPU
		{C0CA08A5-0E67-4E95-8A81-37BA13490004}.Debug|x64.ActiveCfg = Debug|Any CPU
		{C0CA08A5-0E67-4E95-8A81-37BA13490004}.Debug|x64.Build.0 = Debug|Any CPU
		{C0CA08A5-0E67-4E95-8A81-37BA13490004}.Debug|x86.ActiveCfg = Debug|Any CPU
		{C0CA08A5-0E67-4E95-8A81-37BA13490004}.Debug|x86.Build.0 = Debug|Any CPU
		{C0CA08A5-0E67-4E95-8A81-37BA13490004}.Release|Any CPU.ActiveCfg = Release|Any CPU
		{C0CA08A5-0E67-4E95-8A81-37BA13490004}.Release|Any CPU.Build.0 = Release|Any CPU
		{C0CA08A5-0E67-4E95-8A81-37BA13490004}.Release|x64.ActiveCfg = Release|Any CPU
		{C0CA08A5-0E67-4E95-8A81-37BA13490004}.Release|x64.Build.0 = Release|Any CPU
		{C0CA08A5-0E67-4E95-8A81-37BA13490004}.Release|x86.ActiveCfg = Release|Any CPU
		{C0CA08A5-0E67-4E95-8A81-37BA13490004}.Release|x86.Build.0 = Release|Any CPU
		{C0CA08A5-0E67-4E95-8A81-37BA13490005}.Debug|Any CPU.ActiveCfg = Debug|Any CPU
		{C0CA08A5-0E67-4E95-8A81-37BA13490005}.Debug|Any CPU.Build.0 = Debug|Any CPU
		{C0CA08A5-0E67-4E95-8A81-37BA13490005}.Debug|x64.ActiveCfg = Debug|Any CPU
		{C0CA08A5-0E67-4E95-8A81-37BA13490005}.Debug|x64.Build.0 = Debug|Any CPU
		{C0CA08A5-0E67-4E95-8A81-37BA13490005}.Debug|x86.ActiveCfg = Debug|Any CPU
		{C0CA08A5-0E67-4E95-8A81-37BA13490005}.Debug|x86.Build.0 = Debug|Any CPU
		{C0CA08A5-0E67-4E95-8A81-37BA13490005}.Release|Any CPU.ActiveCfg = Release|Any CPU
		{C0CA08A5-0E67-4E95-8A81-37BA13490005}.Release|Any CPU.Build.0 = Release|Any CPU
		{C0CA08A5-0E67-4E95-8A81-37BA13490005}.Release|x64.ActiveCfg = Release|Any CPU
		{C0CA08A5-0E67-4E95-8A81-37BA13490005}.Release|x64.Build.0 = Release|Any CPU
		{C0CA08A5-0E67-4E95-8A81-37BA13490005}.Release|x86.ActiveCfg = Release|Any CPU
		{C0CA08A5-0E67-4E95-8A81-37BA13490005}.Release|x86.Build.0 = Release|Any CPU
		{A5E43222-04C9-465E-A8DF-BB8EB60F5135}.Debug|Any CPU.ActiveCfg = Debug|Any CPU
		{A5E43222-04C9-465E-A8DF-BB8EB60F5135}.Debug|Any CPU.Build.0 = Debug|Any CPU
		{A5E43222-04C9-465E-A8DF-BB8EB60F5135}.Debug|x64.ActiveCfg = Debug|Any CPU
		{A5E43222-04C9-465E-A8DF-BB8EB60F5135}.Debug|x64.Build.0 = Debug|Any CPU
		{A5E43222-04C9-465E-A8DF-BB8EB60F5135}.Debug|x86.ActiveCfg = Debug|Any CPU
		{A5E43222-04C9-465E-A8DF-BB8EB60F5135}.Debug|x86.Build.0 = Debug|Any CPU
		{A5E43222-04C9-465E-A8DF-BB8EB60F5135}.Release|Any CPU.ActiveCfg = Release|Any CPU
		{A5E43222-04C9-465E-A8DF-BB8EB60F5135}.Release|Any CPU.Build.0 = Release|Any CPU
		{A5E43222-04C9-465E-A8DF-BB8EB60F5135}.Release|x64.ActiveCfg = Release|Any CPU
		{A5E43222-04C9-465E-A8DF-BB8EB60F5135}.Release|x64.Build.0 = Release|Any CPU
		{A5E43222-04C9-465E-A8DF-BB8EB60F5135}.Release|x86.ActiveCfg = Release|Any CPU
		{A5E43222-04C9-465E-A8DF-BB8EB60F5135}.Release|x86.Build.0 = Release|Any CPU
		{7188A566-67D2-44C3-8D56-530975045A3E}.Debug|Any CPU.ActiveCfg = Debug|Any CPU
		{7188A566-67D2-44C3-8D56-530975045A3E}.Debug|Any CPU.Build.0 = Debug|Any CPU
		{7188A566-67D2-44C3-8D56-530975045A3E}.Debug|x64.ActiveCfg = Debug|Any CPU
		{7188A566-67D2-44C3-8D56-530975045A3E}.Debug|x64.Build.0 = Debug|Any CPU
		{7188A566-67D2-44C3-8D56-530975045A3E}.Debug|x86.ActiveCfg = Debug|Any CPU
		{7188A566-67D2-44C3-8D56-530975045A3E}.Debug|x86.Build.0 = Debug|Any CPU
		{7188A566-67D2-44C3-8D56-530975045A3E}.Release|Any CPU.ActiveCfg = Release|Any CPU
		{7188A566-67D2-44C3-8D56-530975045A3E}.Release|Any CPU.Build.0 = Release|Any CPU
		{7188A566-67D2-44C3-8D56-530975045A3E}.Release|x64.ActiveCfg = Release|Any CPU
		{7188A566-67D2-44C3-8D56-530975045A3E}.Release|x64.Build.0 = Release|Any CPU
		{7188A566-67D2-44C3-8D56-530975045A3E}.Release|x86.ActiveCfg = Release|Any CPU
		{7188A566-67D2-44C3-8D56-530975045A3E}.Release|x86.Build.0 = Release|Any CPU
		{D47DB7BC-1BD8-4A6A-9F3B-735427A0270A}.Debug|Any CPU.ActiveCfg = Debug|Any CPU
		{D47DB7BC-1BD8-4A6A-9F3B-735427A0270A}.Debug|Any CPU.Build.0 = Debug|Any CPU
		{D47DB7BC-1BD8-4A6A-9F3B-735427A0270A}.Debug|x64.ActiveCfg = Debug|Any CPU
		{D47DB7BC-1BD8-4A6A-9F3B-735427A0270A}.Debug|x64.Build.0 = Debug|Any CPU
		{D47DB7BC-1BD8-4A6A-9F3B-735427A0270A}.Debug|x86.ActiveCfg = Debug|Any CPU
		{D47DB7BC-1BD8-4A6A-9F3B-735427A0270A}.Debug|x86.Build.0 = Debug|Any CPU
		{D47DB7BC-1BD8-4A6A-9F3B-735427A0270A}.Release|Any CPU.ActiveCfg = Release|Any CPU
		{D47DB7BC-1BD8-4A6A-9F3B-735427A0270A}.Release|Any CPU.Build.0 = Release|Any CPU
		{D47DB7BC-1BD8-4A6A-9F3B-735427A0270A}.Release|x64.ActiveCfg = Release|Any CPU
		{D47DB7BC-1BD8-4A6A-9F3B-735427A0270A}.Release|x64.Build.0 = Release|Any CPU
		{D47DB7BC-1BD8-4A6A-9F3B-735427A0270A}.Release|x86.ActiveCfg = Release|Any CPU
		{D47DB7BC-1BD8-4A6A-9F3B-735427A0270A}.Release|x86.Build.0 = Release|Any CPU
		{E2387BBB-F221-4CD4-B6DA-DE928323A0DF}.Debug|Any CPU.ActiveCfg = Debug|Any CPU
		{E2387BBB-F221-4CD4-B6DA-DE928323A0DF}.Debug|Any CPU.Build.0 = Debug|Any CPU
		{E2387BBB-F221-4CD4-B6DA-DE928323A0DF}.Debug|x64.ActiveCfg = Debug|Any CPU
		{E2387BBB-F221-4CD4-B6DA-DE928323A0DF}.Debug|x64.Build.0 = Debug|Any CPU
		{E2387BBB-F221-4CD4-B6DA-DE928323A0DF}.Debug|x86.ActiveCfg = Debug|Any CPU
		{E2387BBB-F221-4CD4-B6DA-DE928323A0DF}.Debug|x86.Build.0 = Debug|Any CPU
		{E2387BBB-F221-4CD4-B6DA-DE928323A0DF}.Release|Any CPU.ActiveCfg = Release|Any CPU
		{E2387BBB-F221-4CD4-B6DA-DE928323A0DF}.Release|Any CPU.Build.0 = Release|Any CPU
		{E2387BBB-F221-4CD4-B6DA-DE928323A0DF}.Release|x64.ActiveCfg = Release|Any CPU
		{E2387BBB-F221-4CD4-B6DA-DE928323A0DF}.Release|x64.Build.0 = Release|Any CPU
		{E2387BBB-F221-4CD4-B6DA-DE928323A0DF}.Release|x86.ActiveCfg = Release|Any CPU
		{E2387BBB-F221-4CD4-B6DA-DE928323A0DF}.Release|x86.Build.0 = Release|Any CPU
		{40328631-4E64-41F6-8625-58F5BBAECA73}.Debug|Any CPU.ActiveCfg = Debug|Any CPU
		{40328631-4E64-41F6-8625-58F5BBAECA73}.Debug|Any CPU.Build.0 = Debug|Any CPU
		{40328631-4E64-41F6-8625-58F5BBAECA73}.Debug|x64.ActiveCfg = Debug|Any CPU
		{40328631-4E64-41F6-8625-58F5BBAECA73}.Debug|x64.Build.0 = Debug|Any CPU
		{40328631-4E64-41F6-8625-58F5BBAECA73}.Debug|x86.ActiveCfg = Debug|Any CPU
		{40328631-4E64-41F6-8625-58F5BBAECA73}.Debug|x86.Build.0 = Debug|Any CPU
		{40328631-4E64-41F6-8625-58F5BBAECA73}.Release|Any CPU.ActiveCfg = Release|Any CPU
		{40328631-4E64-41F6-8625-58F5BBAECA73}.Release|Any CPU.Build.0 = Release|Any CPU
		{40328631-4E64-41F6-8625-58F5BBAECA73}.Release|x64.ActiveCfg = Release|Any CPU
		{40328631-4E64-41F6-8625-58F5BBAECA73}.Release|x64.Build.0 = Release|Any CPU
		{40328631-4E64-41F6-8625-58F5BBAECA73}.Release|x86.ActiveCfg = Release|Any CPU
		{40328631-4E64-41F6-8625-58F5BBAECA73}.Release|x86.Build.0 = Release|Any CPU
		{18E2E6B0-861C-4F69-A122-E112591878AE}.Debug|Any CPU.ActiveCfg = Debug|Any CPU
		{18E2E6B0-861C-4F69-A122-E112591878AE}.Debug|Any CPU.Build.0 = Debug|Any CPU
		{18E2E6B0-861C-4F69-A122-E112591878AE}.Debug|x64.ActiveCfg = Debug|Any CPU
		{18E2E6B0-861C-4F69-A122-E112591878AE}.Debug|x64.Build.0 = Debug|Any CPU
		{18E2E6B0-861C-4F69-A122-E112591878AE}.Debug|x86.ActiveCfg = Debug|Any CPU
		{18E2E6B0-861C-4F69-A122-E112591878AE}.Debug|x86.Build.0 = Debug|Any CPU
		{18E2E6B0-861C-4F69-A122-E112591878AE}.Release|Any CPU.ActiveCfg = Release|Any CPU
		{18E2E6B0-861C-4F69-A122-E112591878AE}.Release|Any CPU.Build.0 = Release|Any CPU
		{18E2E6B0-861C-4F69-A122-E112591878AE}.Release|x64.ActiveCfg = Release|Any CPU
		{18E2E6B0-861C-4F69-A122-E112591878AE}.Release|x64.Build.0 = Release|Any CPU
		{18E2E6B0-861C-4F69-A122-E112591878AE}.Release|x86.ActiveCfg = Release|Any CPU
		{18E2E6B0-861C-4F69-A122-E112591878AE}.Release|x86.Build.0 = Release|Any CPU
		{F6DBF22E-5A49-4C7B-8074-898438CC6946}.Debug|Any CPU.ActiveCfg = Debug|Any CPU
		{F6DBF22E-5A49-4C7B-8074-898438CC6946}.Debug|Any CPU.Build.0 = Debug|Any CPU
		{F6DBF22E-5A49-4C7B-8074-898438CC6946}.Debug|x64.ActiveCfg = Debug|Any CPU
		{F6DBF22E-5A49-4C7B-8074-898438CC6946}.Debug|x64.Build.0 = Debug|Any CPU
		{F6DBF22E-5A49-4C7B-8074-898438CC6946}.Debug|x86.ActiveCfg = Debug|Any CPU
		{F6DBF22E-5A49-4C7B-8074-898438CC6946}.Debug|x86.Build.0 = Debug|Any CPU
		{F6DBF22E-5A49-4C7B-8074-898438CC6946}.Release|Any CPU.ActiveCfg = Release|Any CPU
		{F6DBF22E-5A49-4C7B-8074-898438CC6946}.Release|Any CPU.Build.0 = Release|Any CPU
		{F6DBF22E-5A49-4C7B-8074-898438CC6946}.Release|x64.ActiveCfg = Release|Any CPU
		{F6DBF22E-5A49-4C7B-8074-898438CC6946}.Release|x64.Build.0 = Release|Any CPU
		{F6DBF22E-5A49-4C7B-8074-898438CC6946}.Release|x86.ActiveCfg = Release|Any CPU
		{F6DBF22E-5A49-4C7B-8074-898438CC6946}.Release|x86.Build.0 = Release|Any CPU
	EndGlobalSection
	GlobalSection(SolutionProperties) = preSolution
		HideSolutionNode = FALSE
	EndGlobalSection
	GlobalSection(NestedProjects) = preSolution
		{2132E9AA-A8A6-6DB3-1CCB-FE240A8CB002} = {DAD03CFC-D5FA-AC94-41C7-9ABAB326F09E}
		{5113C534-D974-A1D1-3C78-8FACB46FFA8B} = {2132E9AA-A8A6-6DB3-1CCB-FE240A8CB002}
		{A5E43222-04C9-465E-A8DF-BB8EB60F5135} = {5113C534-D974-A1D1-3C78-8FACB46FFA8B}
		{3B7C48EB-56BB-6F82-B4CF-9D59BFB105A2} = {4F52FD11-658E-A102-6CD3-7D7C16FFA15B}
		{7188A566-67D2-44C3-8D56-530975045A3E} = {5113C534-D974-A1D1-3C78-8FACB46FFA8B}
		{6704868C-8A01-796B-C9BD-B993A81C15D7} = {4F52FD11-658E-A102-6CD3-7D7C16FFA15B}
		{C7B91D09-7E3B-140B-D9A2-85108AC4DE48} = {2132E9AA-A8A6-6DB3-1CCB-FE240A8CB002}
		{D47DB7BC-1BD8-4A6A-9F3B-735427A0270A} = {C7B91D09-7E3B-140B-D9A2-85108AC4DE48}
		{0F43396E-CC0C-6791-46FA-2E66D6B68787} = {4F52FD11-658E-A102-6CD3-7D7C16FFA15B}
		{F886F012-7DAE-730D-AFFF-6CA0BF8946CF} = {DAD03CFC-D5FA-AC94-41C7-9ABAB326F09E}
		{E2387BBB-F221-4CD4-B6DA-DE928323A0DF} = {F886F012-7DAE-730D-AFFF-6CA0BF8946CF}
		{F6418E52-5FE5-8182-075E-77FED2B86FC9} = {DAD03CFC-D5FA-AC94-41C7-9ABAB326F09E}
		{40328631-4E64-41F6-8625-58F5BBAECA73} = {F6418E52-5FE5-8182-075E-77FED2B86FC9}
		{18E2E6B0-861C-4F69-A122-E112591878AE} = {F6418E52-5FE5-8182-075E-77FED2B86FC9}
		{F6DBF22E-5A49-4C7B-8074-898438CC6946} = {F6418E52-5FE5-8182-075E-77FED2B86FC9}
	EndGlobalSection
EndGlobal
